// !$*UTF8*$!
{
	archiveVersion = 1;
	classes = {
	};
	objectVersion = 50;
	objects = {

/* Begin PBXBuildFile section */
		C617F2EA2169CD690025916D /* DriverModelController.swift in Sources */ = {isa = PBXBuildFile; fileRef = C617F2E92169CD690025916D /* DriverModelController.swift */; };
		C617F2EC216A07710025916D /* File Manager Extensions.swift in Sources */ = {isa = PBXBuildFile; fileRef = C617F2EB216A07710025916D /* File Manager Extensions.swift */; };
		C64D0AA32168DF4700271056 /* WikiAPI.swift in Sources */ = {isa = PBXBuildFile; fileRef = C64D0AA22168DF4700271056 /* WikiAPI.swift */; };
		C64D0AA52168F95B00271056 /* CircleImageRow.swift in Sources */ = {isa = PBXBuildFile; fileRef = C64D0AA42168F95B00271056 /* CircleImageRow.swift */; };
		C6CA7E652160ACF10016290A /* AppNavCon.swift in Sources */ = {isa = PBXBuildFile; fileRef = C6CA7E642160ACF10016290A /* AppNavCon.swift */; };
		C6CA7E67216159530016290A /* NewsViewModel.swift in Sources */ = {isa = PBXBuildFile; fileRef = C6CA7E66216159530016290A /* NewsViewModel.swift */; };
		C6CA7E692162C5BB0016290A /* AppTabCon.swift in Sources */ = {isa = PBXBuildFile; fileRef = C6CA7E682162C5BB0016290A /* AppTabCon.swift */; };
		C6CA7E6B2162C64E0016290A /* UIColor Extensions.swift in Sources */ = {isa = PBXBuildFile; fileRef = C6CA7E6A2162C64E0016290A /* UIColor Extensions.swift */; };
		C6CA7E6E2162C81F0016290A /* DriverViewController.swift in Sources */ = {isa = PBXBuildFile; fileRef = C6CA7E6D2162C81F0016290A /* DriverViewController.swift */; };
		C6CA7E702162C8450016290A /* DriverViewModel.swift in Sources */ = {isa = PBXBuildFile; fileRef = C6CA7E6F2162C8450016290A /* DriverViewModel.swift */; };
		C6CA7E722162CC090016290A /* FloatLabelRow.swift in Sources */ = {isa = PBXBuildFile; fileRef = C6CA7E712162CC090016290A /* FloatLabelRow.swift */; };
		C6CA7E752162CC460016290A /* FloatLabelTextField.swift in Sources */ = {isa = PBXBuildFile; fileRef = C6CA7E742162CC460016290A /* FloatLabelTextField.swift */; };
		C6CA7E77216336F40016290A /* LoadingRow.swift in Sources */ = {isa = PBXBuildFile; fileRef = C6CA7E76216336F40016290A /* LoadingRow.swift */; };
		C6CA7E7C21656A8D0016290A /* ReachabilityManager.swift in Sources */ = {isa = PBXBuildFile; fileRef = C6CA7E7B21656A8D0016290A /* ReachabilityManager.swift */; };
		C6E79519215C2A4A00F539E7 /* AppDelegate.swift in Sources */ = {isa = PBXBuildFile; fileRef = C6E79518215C2A4A00F539E7 /* AppDelegate.swift */; };
		C6E7951E215C2A4A00F539E7 /* Main.storyboard in Resources */ = {isa = PBXBuildFile; fileRef = C6E7951C215C2A4A00F539E7 /* Main.storyboard */; };
		C6E79520215C2A4D00F539E7 /* Assets.xcassets in Resources */ = {isa = PBXBuildFile; fileRef = C6E7951F215C2A4D00F539E7 /* Assets.xcassets */; };
		C6E79523215C2A4D00F539E7 /* LaunchScreen.storyboard in Resources */ = {isa = PBXBuildFile; fileRef = C6E79521215C2A4D00F539E7 /* LaunchScreen.storyboard */; };
		C6E7952E215C2A4D00F539E7 /* Framework_DemoTests.swift in Sources */ = {isa = PBXBuildFile; fileRef = C6E7952D215C2A4D00F539E7 /* Framework_DemoTests.swift */; };
		C6E7953B215CA4AF00F539E7 /* Alamofire.framework in Frameworks */ = {isa = PBXBuildFile; fileRef = C6E7953A215CA4AF00F539E7 /* Alamofire.framework */; };
		C6E7953D215CA4B600F539E7 /* Eureka.framework in Frameworks */ = {isa = PBXBuildFile; fileRef = C6E7953C215CA4B600F539E7 /* Eureka.framework */; };
		C6E7953F215CA4BB00F539E7 /* Moya.framework in Frameworks */ = {isa = PBXBuildFile; fileRef = C6E7953E215CA4BB00F539E7 /* Moya.framework */; };
		C6E79541215CA4BF00F539E7 /* QuickLayout.framework in Frameworks */ = {isa = PBXBuildFile; fileRef = C6E79540215CA4BF00F539E7 /* QuickLayout.framework */; };
		C6E79543215CA4C400F539E7 /* Reachability.framework in Frameworks */ = {isa = PBXBuildFile; fileRef = C6E79542215CA4C400F539E7 /* Reachability.framework */; };
		C6E79545215CA4CE00F539E7 /* Realm.framework in Frameworks */ = {isa = PBXBuildFile; fileRef = C6E79544215CA4CE00F539E7 /* Realm.framework */; };
		C6E79547215CA4D400F539E7 /* RealmSwift.framework in Frameworks */ = {isa = PBXBuildFile; fileRef = C6E79546215CA4D400F539E7 /* RealmSwift.framework */; };
		C6E79549215CA4DC00F539E7 /* Result.framework in Frameworks */ = {isa = PBXBuildFile; fileRef = C6E79548215CA4DC00F539E7 /* Result.framework */; };
		C6E7954B215CA4E300F539E7 /* RxBlocking.framework in Frameworks */ = {isa = PBXBuildFile; fileRef = C6E7954A215CA4E200F539E7 /* RxBlocking.framework */; };
		C6E7954D215CA4E600F539E7 /* RxCocoa.framework in Frameworks */ = {isa = PBXBuildFile; fileRef = C6E7954C215CA4E600F539E7 /* RxCocoa.framework */; };
		C6E7954F215CA4EA00F539E7 /* RxFlow.framework in Frameworks */ = {isa = PBXBuildFile; fileRef = C6E7954E215CA4EA00F539E7 /* RxFlow.framework */; };
		C6E79551215CA4EF00F539E7 /* RxMoya.framework in Frameworks */ = {isa = PBXBuildFile; fileRef = C6E79550215CA4EF00F539E7 /* RxMoya.framework */; };
		C6E79553215CA4F200F539E7 /* RxOptional.framework in Frameworks */ = {isa = PBXBuildFile; fileRef = C6E79552215CA4F200F539E7 /* RxOptional.framework */; };
		C6E79555215CA4F600F539E7 /* RxRealm.framework in Frameworks */ = {isa = PBXBuildFile; fileRef = C6E79554215CA4F600F539E7 /* RxRealm.framework */; };
		C6E79557215CA4FA00F539E7 /* RxSwift.framework in Frameworks */ = {isa = PBXBuildFile; fileRef = C6E79556215CA4FA00F539E7 /* RxSwift.framework */; };
		C6E79559215CA4FF00F539E7 /* SwiftEntryKit.framework in Frameworks */ = {isa = PBXBuildFile; fileRef = C6E79558215CA4FF00F539E7 /* SwiftEntryKit.framework */; };
		C6E7955E215CAC1300F539E7 /* Hero.framework in Frameworks */ = {isa = PBXBuildFile; fileRef = C6E7955D215CAC1300F539E7 /* Hero.framework */; };
		C6E79563215D7E4300F539E7 /* ErgastAPI.swift in Sources */ = {isa = PBXBuildFile; fileRef = C6E79562215D7E4300F539E7 /* ErgastAPI.swift */; };
		C6E79565215D7F2500F539E7 /* Model.swift in Sources */ = {isa = PBXBuildFile; fileRef = C6E79564215D7F2500F539E7 /* Model.swift */; };
		C6E79567215D82C300F539E7 /* Flow.swift in Sources */ = {isa = PBXBuildFile; fileRef = C6E79566215D82C300F539E7 /* Flow.swift */; };
		C6E79569215EC91B00F539E7 /* SeasonViewController.swift in Sources */ = {isa = PBXBuildFile; fileRef = C6E79568215EC91B00F539E7 /* SeasonViewController.swift */; };
		C6E7956B215EC9C200F539E7 /* Reactive+RxRealmDataSources.swift in Sources */ = {isa = PBXBuildFile; fileRef = C6E7956A215EC9C200F539E7 /* Reactive+RxRealmDataSources.swift */; };
		C6E7956D215ECFE400F539E7 /* SeasonViewModel.swift in Sources */ = {isa = PBXBuildFile; fileRef = C6E7956C215ECFE400F539E7 /* SeasonViewModel.swift */; };
		C6E7956F215ED02F00F539E7 /* SeasonModelController.swift in Sources */ = {isa = PBXBuildFile; fileRef = C6E7956E215ED02F00F539E7 /* SeasonModelController.swift */; };
		C6E79571215ED09E00F539E7 /* ResultsViewController.swift in Sources */ = {isa = PBXBuildFile; fileRef = C6E79570215ED09E00F539E7 /* ResultsViewController.swift */; };
		C6E79573215ED0DC00F539E7 /* ResultsViewModel.swift in Sources */ = {isa = PBXBuildFile; fileRef = C6E79572215ED0DC00F539E7 /* ResultsViewModel.swift */; };
		C6E79575215ED14F00F539E7 /* ResultsModelController.swift in Sources */ = {isa = PBXBuildFile; fileRef = C6E79574215ED14F00F539E7 /* ResultsModelController.swift */; };
/* End PBXBuildFile section */

/* Begin PBXContainerItemProxy section */
		C6E7952A215C2A4D00F539E7 /* PBXContainerItemProxy */ = {
			isa = PBXContainerItemProxy;
			containerPortal = C6E7950D215C2A4900F539E7 /* Project object */;
			proxyType = 1;
			remoteGlobalIDString = C6E79514215C2A4900F539E7;
			remoteInfo = "Framework Demo";
		};
/* End PBXContainerItemProxy section */

/* Begin PBXFileReference section */
		C617F2E92169CD690025916D /* DriverModelController.swift */ = {isa = PBXFileReference; lastKnownFileType = sourcecode.swift; path = DriverModelController.swift; sourceTree = "<group>"; };
		C617F2EB216A07710025916D /* File Manager Extensions.swift */ = {isa = PBXFileReference; lastKnownFileType = sourcecode.swift; path = "File Manager Extensions.swift"; sourceTree = "<group>"; };
		C64D0AA22168DF4700271056 /* WikiAPI.swift */ = {isa = PBXFileReference; lastKnownFileType = sourcecode.swift; path = WikiAPI.swift; sourceTree = "<group>"; };
		C64D0AA42168F95B00271056 /* CircleImageRow.swift */ = {isa = PBXFileReference; lastKnownFileType = sourcecode.swift; path = CircleImageRow.swift; sourceTree = "<group>"; };
		C6CA7E642160ACF10016290A /* AppNavCon.swift */ = {isa = PBXFileReference; lastKnownFileType = sourcecode.swift; path = AppNavCon.swift; sourceTree = "<group>"; };
		C6CA7E66216159530016290A /* NewsViewModel.swift */ = {isa = PBXFileReference; lastKnownFileType = sourcecode.swift; path = NewsViewModel.swift; sourceTree = "<group>"; };
		C6CA7E682162C5BB0016290A /* AppTabCon.swift */ = {isa = PBXFileReference; lastKnownFileType = sourcecode.swift; path = AppTabCon.swift; sourceTree = "<group>"; };
		C6CA7E6A2162C64E0016290A /* UIColor Extensions.swift */ = {isa = PBXFileReference; lastKnownFileType = sourcecode.swift; path = "UIColor Extensions.swift"; sourceTree = "<group>"; };
		C6CA7E6D2162C81F0016290A /* DriverViewController.swift */ = {isa = PBXFileReference; lastKnownFileType = sourcecode.swift; path = DriverViewController.swift; sourceTree = "<group>"; };
		C6CA7E6F2162C8450016290A /* DriverViewModel.swift */ = {isa = PBXFileReference; lastKnownFileType = sourcecode.swift; path = DriverViewModel.swift; sourceTree = "<group>"; };
		C6CA7E712162CC090016290A /* FloatLabelRow.swift */ = {isa = PBXFileReference; lastKnownFileType = sourcecode.swift; path = FloatLabelRow.swift; sourceTree = "<group>"; };
		C6CA7E742162CC460016290A /* FloatLabelTextField.swift */ = {isa = PBXFileReference; lastKnownFileType = sourcecode.swift; path = FloatLabelTextField.swift; sourceTree = "<group>"; };
		C6CA7E76216336F40016290A /* LoadingRow.swift */ = {isa = PBXFileReference; lastKnownFileType = sourcecode.swift; path = LoadingRow.swift; sourceTree = "<group>"; };
		C6CA7E7B21656A8D0016290A /* ReachabilityManager.swift */ = {isa = PBXFileReference; lastKnownFileType = sourcecode.swift; path = ReachabilityManager.swift; sourceTree = "<group>"; };
		C6E79515215C2A4A00F539E7 /* Framework Demo.app */ = {isa = PBXFileReference; explicitFileType = wrapper.application; includeInIndex = 0; path = "Framework Demo.app"; sourceTree = BUILT_PRODUCTS_DIR; };
		C6E79518215C2A4A00F539E7 /* AppDelegate.swift */ = {isa = PBXFileReference; lastKnownFileType = sourcecode.swift; path = AppDelegate.swift; sourceTree = "<group>"; };
		C6E7951D215C2A4A00F539E7 /* Base */ = {isa = PBXFileReference; lastKnownFileType = file.storyboard; name = Base; path = Base.lproj/Main.storyboard; sourceTree = "<group>"; };
		C6E7951F215C2A4D00F539E7 /* Assets.xcassets */ = {isa = PBXFileReference; lastKnownFileType = folder.assetcatalog; path = Assets.xcassets; sourceTree = "<group>"; };
		C6E79522215C2A4D00F539E7 /* Base */ = {isa = PBXFileReference; lastKnownFileType = file.storyboard; name = Base; path = Base.lproj/LaunchScreen.storyboard; sourceTree = "<group>"; };
		C6E79524215C2A4D00F539E7 /* Info.plist */ = {isa = PBXFileReference; lastKnownFileType = text.plist.xml; path = Info.plist; sourceTree = "<group>"; };
		C6E79529215C2A4D00F539E7 /* Framework DemoTests.xctest */ = {isa = PBXFileReference; explicitFileType = wrapper.cfbundle; includeInIndex = 0; path = "Framework DemoTests.xctest"; sourceTree = BUILT_PRODUCTS_DIR; };
		C6E7952D215C2A4D00F539E7 /* Framework_DemoTests.swift */ = {isa = PBXFileReference; lastKnownFileType = sourcecode.swift; path = Framework_DemoTests.swift; sourceTree = "<group>"; };
		C6E7952F215C2A4D00F539E7 /* Info.plist */ = {isa = PBXFileReference; lastKnownFileType = text.plist.xml; path = Info.plist; sourceTree = "<group>"; };
		C6E7953A215CA4AF00F539E7 /* Alamofire.framework */ = {isa = PBXFileReference; lastKnownFileType = wrapper.framework; name = Alamofire.framework; path = Carthage/Build/iOS/Alamofire.framework; sourceTree = "<group>"; };
		C6E7953C215CA4B600F539E7 /* Eureka.framework */ = {isa = PBXFileReference; lastKnownFileType = wrapper.framework; name = Eureka.framework; path = Carthage/Build/iOS/Eureka.framework; sourceTree = "<group>"; };
		C6E7953E215CA4BB00F539E7 /* Moya.framework */ = {isa = PBXFileReference; lastKnownFileType = wrapper.framework; name = Moya.framework; path = Carthage/Build/iOS/Moya.framework; sourceTree = "<group>"; };
		C6E79540215CA4BF00F539E7 /* QuickLayout.framework */ = {isa = PBXFileReference; lastKnownFileType = wrapper.framework; name = QuickLayout.framework; path = Carthage/Build/iOS/QuickLayout.framework; sourceTree = "<group>"; };
		C6E79542215CA4C400F539E7 /* Reachability.framework */ = {isa = PBXFileReference; lastKnownFileType = wrapper.framework; name = Reachability.framework; path = Carthage/Build/iOS/Reachability.framework; sourceTree = "<group>"; };
		C6E79544215CA4CE00F539E7 /* Realm.framework */ = {isa = PBXFileReference; lastKnownFileType = wrapper.framework; name = Realm.framework; path = Carthage/Build/iOS/Realm.framework; sourceTree = "<group>"; };
		C6E79546215CA4D400F539E7 /* RealmSwift.framework */ = {isa = PBXFileReference; lastKnownFileType = wrapper.framework; name = RealmSwift.framework; path = Carthage/Build/iOS/RealmSwift.framework; sourceTree = "<group>"; };
		C6E79548215CA4DC00F539E7 /* Result.framework */ = {isa = PBXFileReference; lastKnownFileType = wrapper.framework; name = Result.framework; path = Carthage/Build/iOS/Result.framework; sourceTree = "<group>"; };
		C6E7954A215CA4E200F539E7 /* RxBlocking.framework */ = {isa = PBXFileReference; lastKnownFileType = wrapper.framework; name = RxBlocking.framework; path = Carthage/Build/iOS/RxBlocking.framework; sourceTree = "<group>"; };
		C6E7954C215CA4E600F539E7 /* RxCocoa.framework */ = {isa = PBXFileReference; lastKnownFileType = wrapper.framework; name = RxCocoa.framework; path = Carthage/Build/iOS/RxCocoa.framework; sourceTree = "<group>"; };
		C6E7954E215CA4EA00F539E7 /* RxFlow.framework */ = {isa = PBXFileReference; lastKnownFileType = wrapper.framework; name = RxFlow.framework; path = Carthage/Build/iOS/RxFlow.framework; sourceTree = "<group>"; };
		C6E79550215CA4EF00F539E7 /* RxMoya.framework */ = {isa = PBXFileReference; lastKnownFileType = wrapper.framework; name = RxMoya.framework; path = Carthage/Build/iOS/RxMoya.framework; sourceTree = "<group>"; };
		C6E79552215CA4F200F539E7 /* RxOptional.framework */ = {isa = PBXFileReference; lastKnownFileType = wrapper.framework; name = RxOptional.framework; path = Carthage/Build/iOS/RxOptional.framework; sourceTree = "<group>"; };
		C6E79554215CA4F600F539E7 /* RxRealm.framework */ = {isa = PBXFileReference; lastKnownFileType = wrapper.framework; name = RxRealm.framework; path = Carthage/Build/iOS/RxRealm.framework; sourceTree = "<group>"; };
		C6E79556215CA4FA00F539E7 /* RxSwift.framework */ = {isa = PBXFileReference; lastKnownFileType = wrapper.framework; name = RxSwift.framework; path = Carthage/Build/iOS/RxSwift.framework; sourceTree = "<group>"; };
		C6E79558215CA4FF00F539E7 /* SwiftEntryKit.framework */ = {isa = PBXFileReference; lastKnownFileType = wrapper.framework; name = SwiftEntryKit.framework; path = Carthage/Build/iOS/SwiftEntryKit.framework; sourceTree = "<group>"; };
		C6E7955C215CAA3D00F539E7 /* README.md */ = {isa = PBXFileReference; lastKnownFileType = net.daringfireball.markdown; path = README.md; sourceTree = "<group>"; };
		C6E7955D215CAC1300F539E7 /* Hero.framework */ = {isa = PBXFileReference; lastKnownFileType = wrapper.framework; name = Hero.framework; path = Carthage/Build/iOS/Hero.framework; sourceTree = "<group>"; };
		C6E79562215D7E4300F539E7 /* ErgastAPI.swift */ = {isa = PBXFileReference; lastKnownFileType = sourcecode.swift; path = ErgastAPI.swift; sourceTree = "<group>"; };
		C6E79564215D7F2500F539E7 /* Model.swift */ = {isa = PBXFileReference; lastKnownFileType = sourcecode.swift; path = Model.swift; sourceTree = "<group>"; };
		C6E79566215D82C300F539E7 /* Flow.swift */ = {isa = PBXFileReference; lastKnownFileType = sourcecode.swift; path = Flow.swift; sourceTree = "<group>"; };
		C6E79568215EC91B00F539E7 /* SeasonViewController.swift */ = {isa = PBXFileReference; lastKnownFileType = sourcecode.swift; path = SeasonViewController.swift; sourceTree = "<group>"; };
		C6E7956A215EC9C200F539E7 /* Reactive+RxRealmDataSources.swift */ = {isa = PBXFileReference; lastKnownFileType = sourcecode.swift; name = "Reactive+RxRealmDataSources.swift"; path = "Framework Demo/Reactive+RxRealmDataSources.swift"; sourceTree = SOURCE_ROOT; };
		C6E7956C215ECFE400F539E7 /* SeasonViewModel.swift */ = {isa = PBXFileReference; lastKnownFileType = sourcecode.swift; path = SeasonViewModel.swift; sourceTree = "<group>"; };
		C6E7956E215ED02F00F539E7 /* SeasonModelController.swift */ = {isa = PBXFileReference; lastKnownFileType = sourcecode.swift; path = SeasonModelController.swift; sourceTree = "<group>"; };
		C6E79570215ED09E00F539E7 /* ResultsViewController.swift */ = {isa = PBXFileReference; lastKnownFileType = sourcecode.swift; path = ResultsViewController.swift; sourceTree = "<group>"; };
		C6E79572215ED0DC00F539E7 /* ResultsViewModel.swift */ = {isa = PBXFileReference; lastKnownFileType = sourcecode.swift; path = ResultsViewModel.swift; sourceTree = "<group>"; };
		C6E79574215ED14F00F539E7 /* ResultsModelController.swift */ = {isa = PBXFileReference; lastKnownFileType = sourcecode.swift; path = ResultsModelController.swift; sourceTree = "<group>"; };
/* End PBXFileReference section */

/* Begin PBXFrameworksBuildPhase section */
		C6E79512215C2A4900F539E7 /* Frameworks */ = {
			isa = PBXFrameworksBuildPhase;
			buildActionMask = 2147483647;
			files = (
				C6E79543215CA4C400F539E7 /* Reachability.framework in Frameworks */,
				C6E79551215CA4EF00F539E7 /* RxMoya.framework in Frameworks */,
				C6E79559215CA4FF00F539E7 /* SwiftEntryKit.framework in Frameworks */,
				C6E79557215CA4FA00F539E7 /* RxSwift.framework in Frameworks */,
				C6E79555215CA4F600F539E7 /* RxRealm.framework in Frameworks */,
				C6E79553215CA4F200F539E7 /* RxOptional.framework in Frameworks */,
				C6E7955E215CAC1300F539E7 /* Hero.framework in Frameworks */,
				C6E7954F215CA4EA00F539E7 /* RxFlow.framework in Frameworks */,
				C6E7954D215CA4E600F539E7 /* RxCocoa.framework in Frameworks */,
				C6E7954B215CA4E300F539E7 /* RxBlocking.framework in Frameworks */,
				C6E79545215CA4CE00F539E7 /* Realm.framework in Frameworks */,
				C6E79547215CA4D400F539E7 /* RealmSwift.framework in Frameworks */,
				C6E79549215CA4DC00F539E7 /* Result.framework in Frameworks */,
				C6E7953B215CA4AF00F539E7 /* Alamofire.framework in Frameworks */,
				C6E7953F215CA4BB00F539E7 /* Moya.framework in Frameworks */,
				C6E79541215CA4BF00F539E7 /* QuickLayout.framework in Frameworks */,
				C6E7953D215CA4B600F539E7 /* Eureka.framework in Frameworks */,
			);
			runOnlyForDeploymentPostprocessing = 0;
		};
		C6E79526215C2A4D00F539E7 /* Frameworks */ = {
			isa = PBXFrameworksBuildPhase;
			buildActionMask = 2147483647;
			files = (
			);
			runOnlyForDeploymentPostprocessing = 0;
		};
/* End PBXFrameworksBuildPhase section */

/* Begin PBXGroup section */
		C64D0AA12168DF2E00271056 /* API */ = {
			isa = PBXGroup;
			children = (
				C6E79562215D7E4300F539E7 /* ErgastAPI.swift */,
				C64D0AA22168DF4700271056 /* WikiAPI.swift */,
			);
			path = API;
			sourceTree = "<group>";
		};
		C6CA7E632160ACD40016290A /* Views */ = {
			isa = PBXGroup;
			children = (
				C6CA7E642160ACF10016290A /* AppNavCon.swift */,
				C6CA7E682162C5BB0016290A /* AppTabCon.swift */,
			);
			path = Views;
			sourceTree = "<group>";
		};
		C6CA7E6C2162C6810016290A /* Extensions */ = {
			isa = PBXGroup;
			children = (
				C6CA7E6A2162C64E0016290A /* UIColor Extensions.swift */,
				C617F2EB216A07710025916D /* File Manager Extensions.swift */,
			);
			path = Extensions;
			sourceTree = "<group>";
		};
		C6CA7E732162CC130016290A /* FloatLabelRow */ = {
			isa = PBXGroup;
			children = (
				C6CA7E712162CC090016290A /* FloatLabelRow.swift */,
				C6CA7E742162CC460016290A /* FloatLabelTextField.swift */,
			);
			path = FloatLabelRow;
			sourceTree = "<group>";
		};
		C6CA7E78216337150016290A /* Custom Eureka */ = {
			isa = PBXGroup;
			children = (
				C64D0AA42168F95B00271056 /* CircleImageRow.swift */,
				C6CA7E732162CC130016290A /* FloatLabelRow */,
				C6CA7E76216336F40016290A /* LoadingRow.swift */,
			);
			path = "Custom Eureka";
			sourceTree = "<group>";
		};
		C6E7950C215C2A4900F539E7 = {
			isa = PBXGroup;
			children = (
				C6E7955C215CAA3D00F539E7 /* README.md */,
				C6E79517215C2A4A00F539E7 /* Framework Demo */,
				C6E7952C215C2A4D00F539E7 /* Framework DemoTests */,
				C6E79516215C2A4A00F539E7 /* Products */,
				C6E79539215CA4AF00F539E7 /* Frameworks */,
			);
			sourceTree = "<group>";
		};
		C6E79516215C2A4A00F539E7 /* Products */ = {
			isa = PBXGroup;
			children = (
				C6E79515215C2A4A00F539E7 /* Framework Demo.app */,
				C6E79529215C2A4D00F539E7 /* Framework DemoTests.xctest */,
			);
			name = Products;
			sourceTree = "<group>";
		};
		C6E79517215C2A4A00F539E7 /* Framework Demo */ = {
			isa = PBXGroup;
			children = (
				C64D0AA12168DF2E00271056 /* API */,
				C6CA7E78216337150016290A /* Custom Eureka */,
				C6CA7E6C2162C6810016290A /* Extensions */,
				C6E7955F215D762F00F539E7 /* Model Controllers */,
				C6E79560215D764C00F539E7 /* View Controllers */,
				C6E79561215D765900F539E7 /* View Models */,
				C6CA7E632160ACD40016290A /* Views */,
				C6E79518215C2A4A00F539E7 /* AppDelegate.swift */,
				C6E79564215D7F2500F539E7 /* Model.swift */,
				C6E79566215D82C300F539E7 /* Flow.swift */,
				C6CA7E7B21656A8D0016290A /* ReachabilityManager.swift */,
				C6E7956A215EC9C200F539E7 /* Reactive+RxRealmDataSources.swift */,
				C6E7951C215C2A4A00F539E7 /* Main.storyboard */,
				C6E7951F215C2A4D00F539E7 /* Assets.xcassets */,
				C6E79521215C2A4D00F539E7 /* LaunchScreen.storyboard */,
				C6E79524215C2A4D00F539E7 /* Info.plist */,
			);
			path = "Framework Demo";
			sourceTree = "<group>";
		};
		C6E7952C215C2A4D00F539E7 /* Framework DemoTests */ = {
			isa = PBXGroup;
			children = (
				C6E7952D215C2A4D00F539E7 /* Framework_DemoTests.swift */,
				C6E7952F215C2A4D00F539E7 /* Info.plist */,
			);
			path = "Framework DemoTests";
			sourceTree = "<group>";
		};
		C6E79539215CA4AF00F539E7 /* Frameworks */ = {
			isa = PBXGroup;
			children = (
				C6E7955D215CAC1300F539E7 /* Hero.framework */,
				C6E79558215CA4FF00F539E7 /* SwiftEntryKit.framework */,
				C6E79556215CA4FA00F539E7 /* RxSwift.framework */,
				C6E79554215CA4F600F539E7 /* RxRealm.framework */,
				C6E79552215CA4F200F539E7 /* RxOptional.framework */,
				C6E79550215CA4EF00F539E7 /* RxMoya.framework */,
				C6E7954E215CA4EA00F539E7 /* RxFlow.framework */,
				C6E7954C215CA4E600F539E7 /* RxCocoa.framework */,
				C6E7954A215CA4E200F539E7 /* RxBlocking.framework */,
				C6E79548215CA4DC00F539E7 /* Result.framework */,
				C6E79546215CA4D400F539E7 /* RealmSwift.framework */,
				C6E79544215CA4CE00F539E7 /* Realm.framework */,
				C6E79542215CA4C400F539E7 /* Reachability.framework */,
				C6E79540215CA4BF00F539E7 /* QuickLayout.framework */,
				C6E7953E215CA4BB00F539E7 /* Moya.framework */,
				C6E7953C215CA4B600F539E7 /* Eureka.framework */,
				C6E7953A215CA4AF00F539E7 /* Alamofire.framework */,
			);
			name = Frameworks;
			sourceTree = "<group>";
		};
		C6E7955F215D762F00F539E7 /* Model Controllers */ = {
			isa = PBXGroup;
			children = (
				C6E7956E215ED02F00F539E7 /* SeasonModelController.swift */,
				C6E79574215ED14F00F539E7 /* ResultsModelController.swift */,
				C617F2E92169CD690025916D /* DriverModelController.swift */,
			);
			path = "Model Controllers";
			sourceTree = "<group>";
		};
		C6E79560215D764C00F539E7 /* View Controllers */ = {
			isa = PBXGroup;
			children = (
				C6E79568215EC91B00F539E7 /* SeasonViewController.swift */,
				C6E79570215ED09E00F539E7 /* ResultsViewController.swift */,
				C6CA7E6D2162C81F0016290A /* DriverViewController.swift */,
			);
			path = "View Controllers";
			sourceTree = "<group>";
		};
		C6E79561215D765900F539E7 /* View Models */ = {
			isa = PBXGroup;
			children = (
				C6E7956C215ECFE400F539E7 /* SeasonViewModel.swift */,
				C6CA7E6F2162C8450016290A /* DriverViewModel.swift */,
				C6CA7E66216159530016290A /* NewsViewModel.swift */,
				C6E79572215ED0DC00F539E7 /* ResultsViewModel.swift */,
			);
			path = "View Models";
			sourceTree = "<group>";
		};
/* End PBXGroup section */

/* Begin PBXNativeTarget section */
		C6E79514215C2A4900F539E7 /* Framework Demo */ = {
			isa = PBXNativeTarget;
			buildConfigurationList = C6E79532215C2A4D00F539E7 /* Build configuration list for PBXNativeTarget "Framework Demo" */;
			buildPhases = (
				C6E79511215C2A4900F539E7 /* Sources */,
				C6E79512215C2A4900F539E7 /* Frameworks */,
				C6E79513215C2A4900F539E7 /* Resources */,
				C6E79538215C2A6000F539E7 /* Increment Build Number */,
				C6E7955A215CA51700F539E7 /* Copy Carthage Frameworks */,
				C6E7955B215CA72500F539E7 /* Warn of Outdated Carthage Frameworks */,
			);
			buildRules = (
			);
			dependencies = (
			);
			name = "Framework Demo";
			productName = "Framework Demo";
			productReference = C6E79515215C2A4A00F539E7 /* Framework Demo.app */;
			productType = "com.apple.product-type.application";
		};
		C6E79528215C2A4D00F539E7 /* Framework DemoTests */ = {
			isa = PBXNativeTarget;
			buildConfigurationList = C6E79535215C2A4D00F539E7 /* Build configuration list for PBXNativeTarget "Framework DemoTests" */;
			buildPhases = (
				C6E79525215C2A4D00F539E7 /* Sources */,
				C6E79526215C2A4D00F539E7 /* Frameworks */,
				C6E79527215C2A4D00F539E7 /* Resources */,
			);
			buildRules = (
			);
			dependencies = (
				C6E7952B215C2A4D00F539E7 /* PBXTargetDependency */,
			);
			name = "Framework DemoTests";
			productName = "Framework DemoTests";
			productReference = C6E79529215C2A4D00F539E7 /* Framework DemoTests.xctest */;
			productType = "com.apple.product-type.bundle.unit-test";
		};
/* End PBXNativeTarget section */

/* Begin PBXProject section */
		C6E7950D215C2A4900F539E7 /* Project object */ = {
			isa = PBXProject;
			attributes = {
				LastSwiftUpdateCheck = 1000;
				LastUpgradeCheck = 1000;
				ORGANIZATIONNAME = "James Coleman";
				TargetAttributes = {
					C6E79514215C2A4900F539E7 = {
						CreatedOnToolsVersion = 10.0;
					};
					C6E79528215C2A4D00F539E7 = {
						CreatedOnToolsVersion = 10.0;
						TestTargetID = C6E79514215C2A4900F539E7;
					};
				};
			};
			buildConfigurationList = C6E79510215C2A4900F539E7 /* Build configuration list for PBXProject "Framework Demo" */;
			compatibilityVersion = "Xcode 9.3";
			developmentRegion = en;
			hasScannedForEncodings = 0;
			knownRegions = (
				en,
				Base,
			);
			mainGroup = C6E7950C215C2A4900F539E7;
			productRefGroup = C6E79516215C2A4A00F539E7 /* Products */;
			projectDirPath = "";
			projectRoot = "";
			targets = (
				C6E79514215C2A4900F539E7 /* Framework Demo */,
				C6E79528215C2A4D00F539E7 /* Framework DemoTests */,
			);
		};
/* End PBXProject section */

/* Begin PBXResourcesBuildPhase section */
		C6E79513215C2A4900F539E7 /* Resources */ = {
			isa = PBXResourcesBuildPhase;
			buildActionMask = 2147483647;
			files = (
				C6E79523215C2A4D00F539E7 /* LaunchScreen.storyboard in Resources */,
				C6E79520215C2A4D00F539E7 /* Assets.xcassets in Resources */,
				C6E7951E215C2A4A00F539E7 /* Main.storyboard in Resources */,
			);
			runOnlyForDeploymentPostprocessing = 0;
		};
		C6E79527215C2A4D00F539E7 /* Resources */ = {
			isa = PBXResourcesBuildPhase;
			buildActionMask = 2147483647;
			files = (
			);
			runOnlyForDeploymentPostprocessing = 0;
		};
/* End PBXResourcesBuildPhase section */

/* Begin PBXShellScriptBuildPhase section */
		C6E79538215C2A6000F539E7 /* Increment Build Number */ = {
			isa = PBXShellScriptBuildPhase;
			buildActionMask = 2147483647;
			files = (
			);
			inputFileListPaths = (
			);
			inputPaths = (
			);
			name = "Increment Build Number";
			outputFileListPaths = (
			);
			outputPaths = (
			);
			runOnlyForDeploymentPostprocessing = 0;
			shellPath = /bin/sh;
			shellScript = "buildNumber=$(/usr/libexec/PlistBuddy -c \"Print CFBundleVersion\" \"${PROJECT_DIR}/${INFOPLIST_FILE}\")\nbuildNumber=$(($buildNumber + 1))\n/usr/libexec/PlistBuddy -c \"Set :CFBundleVersion $buildNumber\" \"${PROJECT_DIR}/${INFOPLIST_FILE}\"\n";
		};
		C6E7955A215CA51700F539E7 /* Copy Carthage Frameworks */ = {
			isa = PBXShellScriptBuildPhase;
			buildActionMask = 2147483647;
			files = (
			);
			inputFileListPaths = (
			);
			inputPaths = (
				"$(SRCROOT)/Carthage/Build/iOS/Alamofire.framework",
				"$(SRCROOT)/Carthage/Build/iOS/Eureka.framework",
				"$(SRCROOT)/Carthage/Build/iOS/Moya.framework",
				"$(SRCROOT)/Carthage/Build/iOS/QuickLayout.framework",
				"$(SRCROOT)/Carthage/Build/iOS/Reachability.framework",
				"$(SRCROOT)/Carthage/Build/iOS/Realm.framework",
				"$(SRCROOT)/Carthage/Build/iOS/RealmSwift.framework",
				"$(SRCROOT)/Carthage/Build/iOS/Result.framework",
				"$(SRCROOT)/Carthage/Build/iOS/RxBlocking.framework",
				"$(SRCROOT)/Carthage/Build/iOS/RxCocoa.framework",
				"$(SRCROOT)/Carthage/Build/iOS/RxFlow.framework",
				"$(SRCROOT)/Carthage/Build/iOS/RxMoya.framework",
				"$(SRCROOT)/Carthage/Build/iOS/RxOptional.framework",
				"$(SRCROOT)/Carthage/Build/iOS/RxRealm.framework",
				"$(SRCROOT)/Carthage/Build/iOS/RxSwift.framework",
				"$(SRCROOT)/Carthage/Build/iOS/SwiftEntryKit.framework",
				"$(SRCROOT)/Carthage/Build/iOS/Hero.framework",
			);
			name = "Copy Carthage Frameworks";
			outputFileListPaths = (
			);
			outputPaths = (
				"$(BUILT_PRODUCTS_DIR)/$(FRAMEWORKS_FOLDER_PATH)/Alamofire.framework",
				"$(BUILT_PRODUCTS_DIR)/$(FRAMEWORKS_FOLDER_PATH)/Eureka.framework",
				"$(BUILT_PRODUCTS_DIR)/$(FRAMEWORKS_FOLDER_PATH)/Moya.framework",
				"$(BUILT_PRODUCTS_DIR)/$(FRAMEWORKS_FOLDER_PATH)/QuickLayout.framework",
				"$(BUILT_PRODUCTS_DIR)/$(FRAMEWORKS_FOLDER_PATH)/Reachability.framework",
				"$(BUILT_PRODUCTS_DIR)/$(FRAMEWORKS_FOLDER_PATH)/Realm.framework",
				"$(BUILT_PRODUCTS_DIR)/$(FRAMEWORKS_FOLDER_PATH)/RealmSwift.framework",
				"$(BUILT_PRODUCTS_DIR)/$(FRAMEWORKS_FOLDER_PATH)/Result.framework",
				"$(BUILT_PRODUCTS_DIR)/$(FRAMEWORKS_FOLDER_PATH)/RxBlocking.framework",
				"$(BUILT_PRODUCTS_DIR)/$(FRAMEWORKS_FOLDER_PATH)/RxCocoa.framework",
				"$(BUILT_PRODUCTS_DIR)/$(FRAMEWORKS_FOLDER_PATH)/RxFlow.framework",
				"$(BUILT_PRODUCTS_DIR)/$(FRAMEWORKS_FOLDER_PATH)/RxMoya.framework",
				"$(BUILT_PRODUCTS_DIR)/$(FRAMEWORKS_FOLDER_PATH)/RxOptional.framework",
				"$(BUILT_PRODUCTS_DIR)/$(FRAMEWORKS_FOLDER_PATH)/RxRealm.framework",
				"$(BUILT_PRODUCTS_DIR)/$(FRAMEWORKS_FOLDER_PATH)/RxSwift.framework",
				"$(BUILT_PRODUCTS_DIR)/$(FRAMEWORKS_FOLDER_PATH)/SwiftEntryKit.framework",
				"$(BUILT_PRODUCTS_DIR)/$(FRAMEWORKS_FOLDER_PATH)/Hero.framework",
			);
			runOnlyForDeploymentPostprocessing = 0;
			shellPath = /bin/sh;
			shellScript = "/usr/local/bin/carthage copy-frameworks\n";
		};
		C6E7955B215CA72500F539E7 /* Warn of Outdated Carthage Frameworks */ = {
			isa = PBXShellScriptBuildPhase;
			buildActionMask = 2147483647;
			files = (
			);
			inputFileListPaths = (
			);
			inputPaths = (
			);
			name = "Warn of Outdated Carthage Frameworks";
			outputFileListPaths = (
			);
			outputPaths = (
			);
			runOnlyForDeploymentPostprocessing = 0;
			shellPath = /bin/sh;
			shellScript = "/usr/local/bin/carthage outdated --xcode-warnings\n";
		};
/* End PBXShellScriptBuildPhase section */

/* Begin PBXSourcesBuildPhase section */
		C6E79511215C2A4900F539E7 /* Sources */ = {
			isa = PBXSourcesBuildPhase;
			buildActionMask = 2147483647;
			files = (
				C64D0AA32168DF4700271056 /* WikiAPI.swift in Sources */,
				C6CA7E702162C8450016290A /* DriverViewModel.swift in Sources */,
				C6CA7E6E2162C81F0016290A /* DriverViewController.swift in Sources */,
				C64D0AA52168F95B00271056 /* CircleImageRow.swift in Sources */,
				C6E79567215D82C300F539E7 /* Flow.swift in Sources */,
				C6E79575215ED14F00F539E7 /* ResultsModelController.swift in Sources */,
				C6E79563215D7E4300F539E7 /* ErgastAPI.swift in Sources */,
				C6CA7E77216336F40016290A /* LoadingRow.swift in Sources */,
				C6E79571215ED09E00F539E7 /* ResultsViewController.swift in Sources */,
				C6CA7E692162C5BB0016290A /* AppTabCon.swift in Sources */,
				C6CA7E652160ACF10016290A /* AppNavCon.swift in Sources */,
				C6E79519215C2A4A00F539E7 /* AppDelegate.swift in Sources */,
				C6CA7E752162CC460016290A /* FloatLabelTextField.swift in Sources */,
				C6E7956F215ED02F00F539E7 /* SeasonModelController.swift in Sources */,
				C6E7956B215EC9C200F539E7 /* Reactive+RxRealmDataSources.swift in Sources */,
				C6E7956D215ECFE400F539E7 /* SeasonViewModel.swift in Sources */,
				C6CA7E722162CC090016290A /* FloatLabelRow.swift in Sources */,
				C6E79565215D7F2500F539E7 /* Model.swift in Sources */,
				C6CA7E7C21656A8D0016290A /* ReachabilityManager.swift in Sources */,
				C6CA7E67216159530016290A /* NewsViewModel.swift in Sources */,
				C617F2EC216A07710025916D /* File Manager Extensions.swift in Sources */,
				C6E79573215ED0DC00F539E7 /* ResultsViewModel.swift in Sources */,
				C6E79569215EC91B00F539E7 /* SeasonViewController.swift in Sources */,
				C6CA7E6B2162C64E0016290A /* UIColor Extensions.swift in Sources */,
				C617F2EA2169CD690025916D /* DriverModelController.swift in Sources */,
			);
			runOnlyForDeploymentPostprocessing = 0;
		};
		C6E79525215C2A4D00F539E7 /* Sources */ = {
			isa = PBXSourcesBuildPhase;
			buildActionMask = 2147483647;
			files = (
				C6E7952E215C2A4D00F539E7 /* Framework_DemoTests.swift in Sources */,
			);
			runOnlyForDeploymentPostprocessing = 0;
		};
/* End PBXSourcesBuildPhase section */

/* Begin PBXTargetDependency section */
		C6E7952B215C2A4D00F539E7 /* PBXTargetDependency */ = {
			isa = PBXTargetDependency;
			target = C6E79514215C2A4900F539E7 /* Framework Demo */;
			targetProxy = C6E7952A215C2A4D00F539E7 /* PBXContainerItemProxy */;
		};
/* End PBXTargetDependency section */

/* Begin PBXVariantGroup section */
		C6E7951C215C2A4A00F539E7 /* Main.storyboard */ = {
			isa = PBXVariantGroup;
			children = (
				C6E7951D215C2A4A00F539E7 /* Base */,
			);
			name = Main.storyboard;
			sourceTree = "<group>";
		};
		C6E79521215C2A4D00F539E7 /* LaunchScreen.storyboard */ = {
			isa = PBXVariantGroup;
			children = (
				C6E79522215C2A4D00F539E7 /* Base */,
			);
			name = LaunchScreen.storyboard;
			sourceTree = "<group>";
		};
/* End PBXVariantGroup section */

/* Begin XCBuildConfiguration section */
		C6E79530215C2A4D00F539E7 /* Debug */ = {
			isa = XCBuildConfiguration;
			buildSettings = {
				ALWAYS_SEARCH_USER_PATHS = NO;
				CLANG_ANALYZER_NONNULL = YES;
				CLANG_ANALYZER_NUMBER_OBJECT_CONVERSION = YES_AGGRESSIVE;
				CLANG_CXX_LANGUAGE_STANDARD = "gnu++14";
				CLANG_CXX_LIBRARY = "libc++";
				CLANG_ENABLE_MODULES = YES;
				CLANG_ENABLE_OBJC_ARC = YES;
				CLANG_ENABLE_OBJC_WEAK = YES;
				CLANG_WARN_BLOCK_CAPTURE_AUTORELEASING = YES;
				CLANG_WARN_BOOL_CONVERSION = YES;
				CLANG_WARN_COMMA = YES;
				CLANG_WARN_CONSTANT_CONVERSION = YES;
				CLANG_WARN_DEPRECATED_OBJC_IMPLEMENTATIONS = YES;
				CLANG_WARN_DIRECT_OBJC_ISA_USAGE = YES_ERROR;
				CLANG_WARN_DOCUMENTATION_COMMENTS = YES;
				CLANG_WARN_EMPTY_BODY = YES;
				CLANG_WARN_ENUM_CONVERSION = YES;
				CLANG_WARN_INFINITE_RECURSION = YES;
				CLANG_WARN_INT_CONVERSION = YES;
				CLANG_WARN_NON_LITERAL_NULL_CONVERSION = YES;
				CLANG_WARN_OBJC_IMPLICIT_RETAIN_SELF = YES;
				CLANG_WARN_OBJC_LITERAL_CONVERSION = YES;
				CLANG_WARN_OBJC_ROOT_CLASS = YES_ERROR;
				CLANG_WARN_RANGE_LOOP_ANALYSIS = YES;
				CLANG_WARN_STRICT_PROTOTYPES = YES;
				CLANG_WARN_SUSPICIOUS_MOVE = YES;
				CLANG_WARN_UNGUARDED_AVAILABILITY = YES_AGGRESSIVE;
				CLANG_WARN_UNREACHABLE_CODE = YES;
				CLANG_WARN__DUPLICATE_METHOD_MATCH = YES;
				CODE_SIGN_IDENTITY = "iPhone Developer";
				COPY_PHASE_STRIP = NO;
				DEBUG_INFORMATION_FORMAT = dwarf;
				ENABLE_STRICT_OBJC_MSGSEND = YES;
				ENABLE_TESTABILITY = YES;
				GCC_C_LANGUAGE_STANDARD = gnu11;
				GCC_DYNAMIC_NO_PIC = NO;
				GCC_NO_COMMON_BLOCKS = YES;
				GCC_OPTIMIZATION_LEVEL = 0;
				GCC_PREPROCESSOR_DEFINITIONS = (
					"DEBUG=1",
					"$(inherited)",
				);
				GCC_WARN_64_TO_32_BIT_CONVERSION = YES;
				GCC_WARN_ABOUT_RETURN_TYPE = YES_ERROR;
				GCC_WARN_UNDECLARED_SELECTOR = YES;
				GCC_WARN_UNINITIALIZED_AUTOS = YES_AGGRESSIVE;
				GCC_WARN_UNUSED_FUNCTION = YES;
				GCC_WARN_UNUSED_VARIABLE = YES;
				IPHONEOS_DEPLOYMENT_TARGET = 12.0;
				MTL_ENABLE_DEBUG_INFO = INCLUDE_SOURCE;
				MTL_FAST_MATH = YES;
				ONLY_ACTIVE_ARCH = YES;
				SDKROOT = iphoneos;
				SWIFT_ACTIVE_COMPILATION_CONDITIONS = DEBUG;
				SWIFT_OPTIMIZATION_LEVEL = "-Onone";
			};
			name = Debug;
		};
		C6E79531215C2A4D00F539E7 /* Release */ = {
			isa = XCBuildConfiguration;
			buildSettings = {
				ALWAYS_SEARCH_USER_PATHS = NO;
				CLANG_ANALYZER_NONNULL = YES;
				CLANG_ANALYZER_NUMBER_OBJECT_CONVERSION = YES_AGGRESSIVE;
				CLANG_CXX_LANGUAGE_STANDARD = "gnu++14";
				CLANG_CXX_LIBRARY = "libc++";
				CLANG_ENABLE_MODULES = YES;
				CLANG_ENABLE_OBJC_ARC = YES;
				CLANG_ENABLE_OBJC_WEAK = YES;
				CLANG_WARN_BLOCK_CAPTURE_AUTORELEASING = YES;
				CLANG_WARN_BOOL_CONVERSION = YES;
				CLANG_WARN_COMMA = YES;
				CLANG_WARN_CONSTANT_CONVERSION = YES;
				CLANG_WARN_DEPRECATED_OBJC_IMPLEMENTATIONS = YES;
				CLANG_WARN_DIRECT_OBJC_ISA_USAGE = YES_ERROR;
				CLANG_WARN_DOCUMENTATION_COMMENTS = YES;
				CLANG_WARN_EMPTY_BODY = YES;
				CLANG_WARN_ENUM_CONVERSION = YES;
				CLANG_WARN_INFINITE_RECURSION = YES;
				CLANG_WARN_INT_CONVERSION = YES;
				CLANG_WARN_NON_LITERAL_NULL_CONVERSION = YES;
				CLANG_WARN_OBJC_IMPLICIT_RETAIN_SELF = YES;
				CLANG_WARN_OBJC_LITERAL_CONVERSION = YES;
				CLANG_WARN_OBJC_ROOT_CLASS = YES_ERROR;
				CLANG_WARN_RANGE_LOOP_ANALYSIS = YES;
				CLANG_WARN_STRICT_PROTOTYPES = YES;
				CLANG_WARN_SUSPICIOUS_MOVE = YES;
				CLANG_WARN_UNGUARDED_AVAILABILITY = YES_AGGRESSIVE;
				CLANG_WARN_UNREACHABLE_CODE = YES;
				CLANG_WARN__DUPLICATE_METHOD_MATCH = YES;
				CODE_SIGN_IDENTITY = "iPhone Developer";
				COPY_PHASE_STRIP = NO;
				DEBUG_INFORMATION_FORMAT = "dwarf-with-dsym";
				ENABLE_NS_ASSERTIONS = NO;
				ENABLE_STRICT_OBJC_MSGSEND = YES;
				GCC_C_LANGUAGE_STANDARD = gnu11;
				GCC_NO_COMMON_BLOCKS = YES;
				GCC_WARN_64_TO_32_BIT_CONVERSION = YES;
				GCC_WARN_ABOUT_RETURN_TYPE = YES_ERROR;
				GCC_WARN_UNDECLARED_SELECTOR = YES;
				GCC_WARN_UNINITIALIZED_AUTOS = YES_AGGRESSIVE;
				GCC_WARN_UNUSED_FUNCTION = YES;
				GCC_WARN_UNUSED_VARIABLE = YES;
				IPHONEOS_DEPLOYMENT_TARGET = 12.0;
				MTL_ENABLE_DEBUG_INFO = NO;
				MTL_FAST_MATH = YES;
				SDKROOT = iphoneos;
				SWIFT_COMPILATION_MODE = wholemodule;
				SWIFT_OPTIMIZATION_LEVEL = "-O";
				VALIDATE_PRODUCT = YES;
			};
			name = Release;
		};
		C6E79533215C2A4D00F539E7 /* Debug */ = {
			isa = XCBuildConfiguration;
			buildSettings = {
				ASSETCATALOG_COMPILER_APPICON_NAME = AppIcon;
				CODE_SIGN_STYLE = Automatic;
				DEVELOPMENT_TEAM = T3V57DT83Y;
				FRAMEWORK_SEARCH_PATHS = (
					"$(inherited)",
					"$(PROJECT_DIR)/Carthage/Build/iOS",
				);
				INFOPLIST_FILE = "Framework Demo/Info.plist";
				LD_RUNPATH_SEARCH_PATHS = (
					"$(inherited)",
					"@executable_path/Frameworks",
				);
				PRODUCT_BUNDLE_IDENTIFIER = "james-coleman.Framework-Demo";
				PRODUCT_NAME = "$(TARGET_NAME)";
				SWIFT_VERSION = 4.2;
				TARGETED_DEVICE_FAMILY = "1,2";
			};
			name = Debug;
		};
		C6E79534215C2A4D00F539E7 /* Release */ = {
			isa = XCBuildConfiguration;
			buildSettings = {
				ASSETCATALOG_COMPILER_APPICON_NAME = AppIcon;
				CODE_SIGN_STYLE = Automatic;
				DEVELOPMENT_TEAM = T3V57DT83Y;
				FRAMEWORK_SEARCH_PATHS = (
					"$(inherited)",
					"$(PROJECT_DIR)/Carthage/Build/iOS",
				);
				INFOPLIST_FILE = "Framework Demo/Info.plist";
				LD_RUNPATH_SEARCH_PATHS = (
					"$(inherited)",
					"@executable_path/Frameworks",
				);
				PRODUCT_BUNDLE_IDENTIFIER = "james-coleman.Framework-Demo";
				PRODUCT_NAME = "$(TARGET_NAME)";
				SWIFT_VERSION = 4.2;
				TARGETED_DEVICE_FAMILY = "1,2";
			};
			name = Release;
		};
		C6E79536215C2A4D00F539E7 /* Debug */ = {
			isa = XCBuildConfiguration;
			buildSettings = {
				ALWAYS_EMBED_SWIFT_STANDARD_LIBRARIES = YES;
				BUNDLE_LOADER = "$(TEST_HOST)";
				CODE_SIGN_STYLE = Automatic;
				DEVELOPMENT_TEAM = T3V57DT83Y;
				INFOPLIST_FILE = "Framework DemoTests/Info.plist";
				LD_RUNPATH_SEARCH_PATHS = (
					"$(inherited)",
					"@executable_path/Frameworks",
					"@loader_path/Frameworks",
				);
				PRODUCT_BUNDLE_IDENTIFIER = "james-coleman.Framework-DemoTests";
				PRODUCT_NAME = "$(TARGET_NAME)";
				SWIFT_VERSION = 4.2;
				TARGETED_DEVICE_FAMILY = "1,2";
				TEST_HOST = "$(BUILT_PRODUCTS_DIR)/Framework Demo.app/Framework Demo";
			};
			name = Debug;
		};
		C6E79537215C2A4D00F539E7 /* Release */ = {
			isa = XCBuildConfiguration;
			buildSettings = {
				ALWAYS_EMBED_SWIFT_STANDARD_LIBRARIES = YES;
				BUNDLE_LOADER = "$(TEST_HOST)";
				CODE_SIGN_STYLE = Automatic;
				DEVELOPMENT_TEAM = T3V57DT83Y;
				INFOPLIST_FILE = "Framework DemoTests/Info.plist";
				LD_RUNPATH_SEARCH_PATHS = (
					"$(inherited)",
					"@executable_path/Frameworks",
					"@loader_path/Frameworks",
				);
				PRODUCT_BUNDLE_IDENTIFIER = "james-coleman.Framework-DemoTests";
				PRODUCT_NAME = "$(TARGET_NAME)";
				SWIFT_VERSION = 4.2;
				TARGETED_DEVICE_FAMILY = "1,2";
				TEST_HOST = "$(BUILT_PRODUCTS_DIR)/Framework Demo.app/Framework Demo";
			};
			name = Release;
		};
/* End XCBuildConfiguration section */

/* Begin XCConfigurationList section */
		C6E79510215C2A4900F539E7 /* Build configuration list for PBXProject "Framework Demo" */ = {
			isa = XCConfigurationList;
			buildConfigurations = (
				C6E79530215C2A4D00F539E7 /* Debug */,
				C6E79531215C2A4D00F539E7 /* Release */,
			);
			defaultConfigurationIsVisible = 0;
			defaultConfigurationName = Release;
		};
		C6E79532215C2A4D00F539E7 /* Build configuration list for PBXNativeTarget "Framework Demo" */ = {
			isa = XCConfigurationList;
			buildConfigurations = (
				C6E79533215C2A4D00F539E7 /* Debug */,
				C6E79534215C2A4D00F539E7 /* Release */,
			);
			defaultConfigurationIsVisible = 0;
			defaultConfigurationName = Release;
		};
		C6E79535215C2A4D00F539E7 /* Build configuration list for PBXNativeTarget "Framework DemoTests" */ = {
			isa = XCConfigurationList;
			buildConfigurations = (
				C6E79536215C2A4D00F539E7 /* Debug */,
				C6E79537215C2A4D00F539E7 /* Release */,
			);
			defaultConfigurationIsVisible = 0;
			defaultConfigurationName = Release;
		};
/* End XCConfigurationList section */
	};
	rootObject = C6E7950D215C2A4900F539E7 /* Project object */;
}
